// !$*UTF8*$!
{
	archiveVersion = 1;
	classes = {
	};
	objectVersion = 46;
	objects = {

/* Begin PBXBuildFile section */
		033A4626148691F6002014C7 /* UIKit.framework in Frameworks */ = {isa = PBXBuildFile; fileRef = 033A4625148691F6002014C7 /* UIKit.framework */; };
		033A4628148691F6002014C7 /* Foundation.framework in Frameworks */ = {isa = PBXBuildFile; fileRef = 033A4627148691F6002014C7 /* Foundation.framework */; };
		033A462A148691F6002014C7 /* CoreGraphics.framework in Frameworks */ = {isa = PBXBuildFile; fileRef = 033A4629148691F6002014C7 /* CoreGraphics.framework */; };
		033A46511486AA23002014C7 /* QuartzCore.framework in Frameworks */ = {isa = PBXBuildFile; fileRef = 033A46501486AA23002014C7 /* QuartzCore.framework */; };
		CF9AB7691538E40D0019E484 /* AppDelegate.m in Sources */ = {isa = PBXBuildFile; fileRef = CF9AB74E1538E40D0019E484 /* AppDelegate.m */; };
		CF9AB76A1538E40D0019E484 /* FeedController.m in Sources */ = {isa = PBXBuildFile; fileRef = CF9AB7531538E40D0019E484 /* FeedController.m */; };
		CF9AB76B1538E40D0019E484 /* LeftController.m in Sources */ = {isa = PBXBuildFile; fileRef = CF9AB7561538E40D0019E484 /* LeftController.m */; };
		CF9AB76C1538E40D0019E484 /* RightController.m in Sources */ = {isa = PBXBuildFile; fileRef = CF9AB7591538E40D0019E484 /* RightController.m */; };
		CF9AB76D1538E40D0019E484 /* DDMenuController-Info.plist in Resources */ = {isa = PBXBuildFile; fileRef = CF9AB75A1538E40D0019E484 /* DDMenuController-Info.plist */; };
		CF9AB76E1538E40D0019E484 /* DDMenuController.entitlements in Resources */ = {isa = PBXBuildFile; fileRef = CF9AB75C1538E40D0019E484 /* DDMenuController.entitlements */; };
		CF9AB76F1538E40D0019E484 /* left.png in Resources */ = {isa = PBXBuildFile; fileRef = CF9AB7611538E40D0019E484 /* left.png */; };
		CF9AB7701538E40D0019E484 /* right.png in Resources */ = {isa = PBXBuildFile; fileRef = CF9AB7621538E40D0019E484 /* right.png */; };
		CF9AB7711538E40D0019E484 /* InfoPlist.strings in Resources */ = {isa = PBXBuildFile; fileRef = CF9AB7641538E40D0019E484 /* InfoPlist.strings */; };
		CF9AB7721538E40D0019E484 /* main.m in Sources */ = {isa = PBXBuildFile; fileRef = CF9AB7661538E40D0019E484 /* main.m */; };
		CF9AB7731538E40D0019E484 /* nav_menu_icon@2x.png in Resources */ = {isa = PBXBuildFile; fileRef = CF9AB7681538E40D0019E484 /* nav_menu_icon@2x.png */; };
		CF9AB7771538E4320019E484 /* DDMenuController.m in Sources */ = {isa = PBXBuildFile; fileRef = CF9AB7761538E4320019E484 /* DDMenuController.m */; };
/* End PBXBuildFile section */

/* Begin PBXFileReference section */
		033A4621148691F6002014C7 /* DDMenuController.app */ = {isa = PBXFileReference; explicitFileType = wrapper.application; includeInIndex = 0; path = DDMenuController.app; sourceTree = BUILT_PRODUCTS_DIR; };
		033A4625148691F6002014C7 /* UIKit.framework */ = {isa = PBXFileReference; lastKnownFileType = wrapper.framework; name = UIKit.framework; path = System/Library/Frameworks/UIKit.framework; sourceTree = SDKROOT; };
		033A4627148691F6002014C7 /* Foundation.framework */ = {isa = PBXFileReference; lastKnownFileType = wrapper.framework; name = Foundation.framework; path = System/Library/Frameworks/Foundation.framework; sourceTree = SDKROOT; };
		033A4629148691F6002014C7 /* CoreGraphics.framework */ = {isa = PBXFileReference; lastKnownFileType = wrapper.framework; name = CoreGraphics.framework; path = System/Library/Frameworks/CoreGraphics.framework; sourceTree = SDKROOT; };
		033A46501486AA23002014C7 /* QuartzCore.framework */ = {isa = PBXFileReference; lastKnownFileType = wrapper.framework; name = QuartzCore.framework; path = System/Library/Frameworks/QuartzCore.framework; sourceTree = SDKROOT; };
		CF9AB74D1538E40D0019E484 /* AppDelegate.h */ = {isa = PBXFileReference; fileEncoding = 4; lastKnownFileType = sourcecode.c.h; path = AppDelegate.h; sourceTree = "<group>"; };
		CF9AB74E1538E40D0019E484 /* AppDelegate.m */ = {isa = PBXFileReference; fileEncoding = 4; lastKnownFileType = sourcecode.c.objc; path = AppDelegate.m; sourceTree = "<group>"; };
		CF9AB7521538E40D0019E484 /* FeedController.h */ = {isa = PBXFileReference; fileEncoding = 4; lastKnownFileType = sourcecode.c.h; path = FeedController.h; sourceTree = "<group>"; };
		CF9AB7531538E40D0019E484 /* FeedController.m */ = {isa = PBXFileReference; fileEncoding = 4; lastKnownFileType = sourcecode.c.objc; path = FeedController.m; sourceTree = "<group>"; };
		CF9AB7551538E40D0019E484 /* LeftController.h */ = {isa = PBXFileReference; fileEncoding = 4; lastKnownFileType = sourcecode.c.h; path = LeftController.h; sourceTree = "<group>"; };
		CF9AB7561538E40D0019E484 /* LeftController.m */ = {isa = PBXFileReference; fileEncoding = 4; lastKnownFileType = sourcecode.c.objc; path = LeftController.m; sourceTree = "<group>"; };
		CF9AB7581538E40D0019E484 /* RightController.h */ = {isa = PBXFileReference; fileEncoding = 4; lastKnownFileType = sourcecode.c.h; path = RightController.h; sourceTree = "<group>"; };
		CF9AB7591538E40D0019E484 /* RightController.m */ = {isa = PBXFileReference; fileEncoding = 4; lastKnownFileType = sourcecode.c.objc; path = RightController.m; sourceTree = "<group>"; };
		CF9AB75A1538E40D0019E484 /* DDMenuController-Info.plist */ = {isa = PBXFileReference; fileEncoding = 4; lastKnownFileType = text.plist.xml; path = "DDMenuController-Info.plist"; sourceTree = "<group>"; };
		CF9AB75B1538E40D0019E484 /* DDMenuController-Prefix.pch */ = {isa = PBXFileReference; fileEncoding = 4; lastKnownFileType = sourcecode.c.h; path = "DDMenuController-Prefix.pch"; sourceTree = "<group>"; };
		CF9AB75C1538E40D0019E484 /* DDMenuController.entitlements */ = {isa = PBXFileReference; fileEncoding = 4; lastKnownFileType = text.xml; path = DDMenuController.entitlements; sourceTree = "<group>"; };
		CF9AB7611538E40D0019E484 /* left.png */ = {isa = PBXFileReference; lastKnownFileType = image.png; path = left.png; sourceTree = "<group>"; };
		CF9AB7621538E40D0019E484 /* right.png */ = {isa = PBXFileReference; lastKnownFileType = image.png; path = right.png; sourceTree = "<group>"; };
		CF9AB7651538E40D0019E484 /* en */ = {isa = PBXFileReference; lastKnownFileType = text.plist.strings; name = en; path = InfoPlist.strings; sourceTree = "<group>"; };
		CF9AB7661538E40D0019E484 /* main.m */ = {isa = PBXFileReference; fileEncoding = 4; lastKnownFileType = sourcecode.c.objc; path = main.m; sourceTree = "<group>"; };
		CF9AB7681538E40D0019E484 /* nav_menu_icon@2x.png */ = {isa = PBXFileReference; lastKnownFileType = image.png; path = "nav_menu_icon@2x.png"; sourceTree = "<group>"; };
		CF9AB7751538E4320019E484 /* DDMenuController.h */ = {isa = PBXFileReference; fileEncoding = 4; lastKnownFileType = sourcecode.c.h; path = DDMenuController.h; sourceTree = "<group>"; };
		CF9AB7761538E4320019E484 /* DDMenuController.m */ = {isa = PBXFileReference; fileEncoding = 4; lastKnownFileType = sourcecode.c.objc; path = DDMenuController.m; sourceTree = "<group>"; };
/* End PBXFileReference section */

/* Begin PBXFrameworksBuildPhase section */
		033A461E148691F6002014C7 /* Frameworks */ = {
			isa = PBXFrameworksBuildPhase;
			buildActionMask = 2147483647;
			files = (
				033A46511486AA23002014C7 /* QuartzCore.framework in Frameworks */,
				033A4626148691F6002014C7 /* UIKit.framework in Frameworks */,
				033A4628148691F6002014C7 /* Foundation.framework in Frameworks */,
				033A462A148691F6002014C7 /* CoreGraphics.framework in Frameworks */,
			);
			runOnlyForDeploymentPostprocessing = 0;
		};
/* End PBXFrameworksBuildPhase section */

/* Begin PBXGroup section */
		033A4616148691F6002014C7 = {
			isa = PBXGroup;
			children = (
				CF9AB74D1538E40D0019E484 /* AppDelegate.h */,
				CF9AB74E1538E40D0019E484 /* AppDelegate.m */,
				CF9AB7741538E4320019E484 /* DDMenuController */,
				CF9AB74F1538E40D0019E484 /* Classes */,
				CF9AB75A1538E40D0019E484 /* DDMenuController-Info.plist */,
				CF9AB75B1538E40D0019E484 /* DDMenuController-Prefix.pch */,
				CF9AB75C1538E40D0019E484 /* DDMenuController.entitlements */,
				CF9AB7601538E40D0019E484 /* DemoImages */,
				CF9AB7631538E40D0019E484 /* en.lproj */,
				CF9AB7661538E40D0019E484 /* main.m */,
				CF9AB7671538E40D0019E484 /* Resources */,
				033A4624148691F6002014C7 /* Frameworks */,
				033A4622148691F6002014C7 /* Products */,
			);
			sourceTree = "<group>";
		};
		033A4622148691F6002014C7 /* Products */ = {
			isa = PBXGroup;
			children = (
				033A4621148691F6002014C7 /* DDMenuController.app */,
			);
			name = Products;
			sourceTree = "<group>";
		};
		033A4624148691F6002014C7 /* Frameworks */ = {
			isa = PBXGroup;
			children = (
				033A46501486AA23002014C7 /* QuartzCore.framework */,
				033A4625148691F6002014C7 /* UIKit.framework */,
				033A4627148691F6002014C7 /* Foundation.framework */,
				033A4629148691F6002014C7 /* CoreGraphics.framework */,
			);
			name = Frameworks;
			sourceTree = "<group>";
		};
		CF9AB74F1538E40D0019E484 /* Classes */ = {
			isa = PBXGroup;
			children = (
				CF9AB7501538E40D0019E484 /* Controllers */,
			);
			path = Classes;
			sourceTree = "<group>";
		};
		CF9AB7501538E40D0019E484 /* Controllers */ = {
			isa = PBXGroup;
			children = (
				CF9AB7511538E40D0019E484 /* FeedController */,
				CF9AB7541538E40D0019E484 /* LeftController */,
				CF9AB7571538E40D0019E484 /* RightController */,
			);
			path = Controllers;
			sourceTree = "<group>";
		};
		CF9AB7511538E40D0019E484 /* FeedController */ = {
			isa = PBXGroup;
			children = (
				CF9AB7521538E40D0019E484 /* FeedController.h */,
				CF9AB7531538E40D0019E484 /* FeedController.m */,
			);
			path = FeedController;
			sourceTree = "<group>";
		};
		CF9AB7541538E40D0019E484 /* LeftController */ = {
			isa = PBXGroup;
			children = (
				CF9AB7551538E40D0019E484 /* LeftController.h */,
				CF9AB7561538E40D0019E484 /* LeftController.m */,
			);
			path = LeftController;
			sourceTree = "<group>";
		};
		CF9AB7571538E40D0019E484 /* RightController */ = {
			isa = PBXGroup;
			children = (
				CF9AB7581538E40D0019E484 /* RightController.h */,
				CF9AB7591538E40D0019E484 /* RightController.m */,
			);
			path = RightController;
			sourceTree = "<group>";
		};
		CF9AB7601538E40D0019E484 /* DemoImages */ = {
			isa = PBXGroup;
			children = (
				CF9AB7611538E40D0019E484 /* left.png */,
				CF9AB7621538E40D0019E484 /* right.png */,
			);
			path = DemoImages;
			sourceTree = "<group>";
		};
		CF9AB7631538E40D0019E484 /* en.lproj */ = {
			isa = PBXGroup;
			children = (
				CF9AB7641538E40D0019E484 /* InfoPlist.strings */,
			);
			path = en.lproj;
			sourceTree = "<group>";
		};
		CF9AB7671538E40D0019E484 /* Resources */ = {
			isa = PBXGroup;
			children = (
				CF9AB7681538E40D0019E484 /* nav_menu_icon@2x.png */,
			);
			path = Resources;
			sourceTree = "<group>";
		};
		CF9AB7741538E4320019E484 /* DDMenuController */ = {
			isa = PBXGroup;
			children = (
				CF9AB7751538E4320019E484 /* DDMenuController.h */,
				CF9AB7761538E4320019E484 /* DDMenuController.m */,
			);
			path = DDMenuController;
			sourceTree = "<group>";
		};
/* End PBXGroup section */

/* Begin PBXNativeTarget section */
		033A4620148691F6002014C7 /* DDMenuController */ = {
			isa = PBXNativeTarget;
			buildConfigurationList = 033A4639148691F6002014C7 /* Build configuration list for PBXNativeTarget "DDMenuController" */;
			buildPhases = (
				033A461D148691F6002014C7 /* Sources */,
				033A461E148691F6002014C7 /* Frameworks */,
				033A461F148691F6002014C7 /* Resources */,
			);
			buildRules = (
			);
			dependencies = (
			);
			name = DDMenuController;
			productName = DDMenuController;
			productReference = 033A4621148691F6002014C7 /* DDMenuController.app */;
			productType = "com.apple.product-type.application";
		};
/* End PBXNativeTarget section */

/* Begin PBXProject section */
		033A4618148691F6002014C7 /* Project object */ = {
			isa = PBXProject;
			attributes = {
				LastUpgradeCheck = 0440;
			};
			buildConfigurationList = 033A461B148691F6002014C7 /* Build configuration list for PBXProject "DDMenuController" */;
			compatibilityVersion = "Xcode 3.2";
			developmentRegion = English;
			hasScannedForEncodings = 0;
			knownRegions = (
				en,
			);
			mainGroup = 033A4616148691F6002014C7;
			productRefGroup = 033A4622148691F6002014C7 /* Products */;
			projectDirPath = "";
			projectRoot = "";
			targets = (
				033A4620148691F6002014C7 /* DDMenuController */,
			);
		};
/* End PBXProject section */

/* Begin PBXResourcesBuildPhase section */
		033A461F148691F6002014C7 /* Resources */ = {
			isa = PBXResourcesBuildPhase;
			buildActionMask = 2147483647;
			files = (
				CF9AB76D1538E40D0019E484 /* DDMenuController-Info.plist in Resources */,
				CF9AB76E1538E40D0019E484 /* DDMenuController.entitlements in Resources */,
				CF9AB76F1538E40D0019E484 /* left.png in Resources */,
				CF9AB7701538E40D0019E484 /* right.png in Resources */,
				CF9AB7711538E40D0019E484 /* InfoPlist.strings in Resources */,
				CF9AB7731538E40D0019E484 /* nav_menu_icon@2x.png in Resources */,
			);
			runOnlyForDeploymentPostprocessing = 0;
		};
/* End PBXResourcesBuildPhase section */

/* Begin PBXSourcesBuildPhase section */
		033A461D148691F6002014C7 /* Sources */ = {
			isa = PBXSourcesBuildPhase;
			buildActionMask = 2147483647;
			files = (
				CF9AB7691538E40D0019E484 /* AppDelegate.m in Sources */,
				CF9AB76A1538E40D0019E484 /* FeedController.m in Sources */,
				CF9AB76B1538E40D0019E484 /* LeftController.m in Sources */,
				CF9AB76C1538E40D0019E484 /* RightController.m in Sources */,
				CF9AB7721538E40D0019E484 /* main.m in Sources */,
				CF9AB7771538E4320019E484 /* DDMenuController.m in Sources */,
			);
			runOnlyForDeploymentPostprocessing = 0;
		};
/* End PBXSourcesBuildPhase section */

/* Begin PBXVariantGroup section */
		CF9AB7641538E40D0019E484 /* InfoPlist.strings */ = {
			isa = PBXVariantGroup;
			children = (
				CF9AB7651538E40D0019E484 /* en */,
			);
			name = InfoPlist.strings;
			sourceTree = "<group>";
		};
/* End PBXVariantGroup section */

/* Begin XCBuildConfiguration section */
		033A4637148691F6002014C7 /* Debug */ = {
			isa = XCBuildConfiguration;
			buildSettings = {
				ALWAYS_SEARCH_USER_PATHS = NO;
				ARCHS = "$(ARCHS_STANDARD_32_BIT)";
				CLANG_ENABLE_OBJC_ARC = YES;
				"CODE_SIGN_IDENTITY[sdk=iphoneos*]" = "iPhone Developer";
				COPY_PHASE_STRIP = NO;
				GCC_C_LANGUAGE_STANDARD = gnu99;
				GCC_DYNAMIC_NO_PIC = NO;
				GCC_OPTIMIZATION_LEVEL = 0;
				GCC_PREPROCESSOR_DEFINITIONS = (
					"DEBUG=1",
					"$(inherited)",
				);
				GCC_SYMBOLS_PRIVATE_EXTERN = NO;
				GCC_VERSION = com.apple.compilers.llvm.clang.1_0;
				GCC_WARN_ABOUT_MISSING_PROTOTYPES = YES;
				GCC_WARN_ABOUT_RETURN_TYPE = YES;
				GCC_WARN_UNUSED_VARIABLE = YES;
				IPHONEOS_DEPLOYMENT_TARGET = 5.0;
				SDKROOT = iphoneos;
			};
			name = Debug;
		};
		033A4638148691F6002014C7 /* Release */ = {
			isa = XCBuildConfiguration;
			buildSettings = {
				ALWAYS_SEARCH_USER_PATHS = NO;
				ARCHS = "$(ARCHS_STANDARD_32_BIT)";
				CLANG_ENABLE_OBJC_ARC = YES;
				"CODE_SIGN_IDENTITY[sdk=iphoneos*]" = "iPhone Developer";
				COPY_PHASE_STRIP = YES;
				GCC_C_LANGUAGE_STANDARD = gnu99;
				GCC_VERSION = com.apple.compilers.llvm.clang.1_0;
				GCC_WARN_ABOUT_MISSING_PROTOTYPES = YES;
				GCC_WARN_ABOUT_RETURN_TYPE = YES;
				GCC_WARN_UNUSED_VARIABLE = YES;
				IPHONEOS_DEPLOYMENT_TARGET = 5.0;
				OTHER_CFLAGS = "-DNS_BLOCK_ASSERTIONS=1";
				SDKROOT = iphoneos;
				VALIDATE_PRODUCT = YES;
			};
			name = Release;
		};
		033A463A148691F6002014C7 /* Debug */ = {
			isa = XCBuildConfiguration;
			buildSettings = {
				CODE_SIGN_ENTITLEMENTS = DDMenuController/DDMenuController.entitlements;
				GCC_PRECOMPILE_PREFIX_HEADER = YES;
				GCC_PREFIX_HEADER = "DDMenuController/DDMenuController-Prefix.pch";
				INFOPLIST_FILE = "DDMenuController/DDMenuController-Info.plist";
				PRODUCT_NAME = "$(TARGET_NAME)";
				WRAPPER_EXTENSION = app;
			};
			name = Debug;
		};
		033A463B148691F6002014C7 /* Release */ = {
			isa = XCBuildConfiguration;
			buildSettings = {
				GCC_PRECOMPILE_PREFIX_HEADER = YES;
				GCC_PREFIX_HEADER = "DDMenuController/DDMenuController-Prefix.pch";
				INFOPLIST_FILE = "DDMenuController/DDMenuController-Info.plist";
				PRODUCT_NAME = "$(TARGET_NAME)";
				WRAPPER_EXTENSION = app;
			};
			name = Release;
		};
/* End XCBuildConfiguration section */

/* Begin XCConfigurationList section */
		033A461B148691F6002014C7 /* Build configuration list for PBXProject "DDMenuController" */ = {
			isa = XCConfigurationList;
			buildConfigurations = (
				033A4637148691F6002014C7 /* Debug */,
				033A4638148691F6002014C7 /* Release */,
			);
			defaultConfigurationIsVisible = 0;
			defaultConfigurationName = Release;
		};
		033A4639148691F6002014C7 /* Build configuration list for PBXNativeTarget "DDMenuController" */ = {
			isa = XCConfigurationList;
			buildConfigurations = (
				033A463A148691F6002014C7 /* Debug */,
				033A463B148691F6002014C7 /* Release */,
			);
			defaultConfigurationIsVisible = 0;
			defaultConfigurationName = Release;
		};
/* End XCConfigurationList section */
	};
	rootObject = 033A4618148691F6002014C7 /* Project object */;
}
